
Microsoft Visual Studio Solution File, Format Version 12.00
# Visual Studio 15
VisualStudioVersion = 15.0.28307.421
MinimumVisualStudioVersion = 10.0.40219.1
Project("{FAE04EC0-301F-11D3-BF4B-00C04F79EFBC}") = "算法编程", "算法编程\算法编程.csproj", "{EE627B07-471A-4E64-A4C3-FEA1F28C6397}"
EndProject
Global
	GlobalSection(SolutionConfigurationPlatforms) = preSolution
		Debug|Any CPU = Debug|Any CPU
		Release|Any CPU = Release|Any CPU
	EndGlobalSection
	GlobalSection(ProjectConfigurationPlatforms) = postSolution
		{EE627B07-471A-4E64-A4C3-FEA1F28C6397}.Debug|Any CPU.ActiveCfg = Debug|Any CPU
		{EE627B07-471A-4E64-A4C3-FEA1F28C6397}.Debug|Any CPU.Build.0 = Debug|Any CPU
		{EE627B07-471A-4E64-A4C3-FEA1F28C6397}.Release|Any CPU.ActiveCfg = Release|Any CPU
		{EE627B07-471A-4E64-A4C3-FEA1F28C6397}.Release|Any CPU.Build.0 = Release|Any CPU
	EndGlobalSection
	GlobalSection(SolutionProperties) = preSolution
		HideSolutionNode = FALSE
	EndGlobalSection
	GlobalSection(ExtensibilityGlobals) = postSolution
		SolutionGuid = {AFA77E98-0579-407B-8A01-56EFE77327FB}
	EndGlobalSection
EndGlobal
